github.com/fengyoulin/hookingo v0.1.1 h1:8Bq1OUtkjLA6TV+G+JW0uxSJi5Tqw5GbGwnXV3NL3Qg=
github.com/fengyoulin/hookingo v0.1.1/go.mod h1:qXWbi6b1dIXCyvCyk7Nbnv4ZWO3wfMp8Ih/etuOkfl0=
golang.org/x/arch v0.0.0-20190927153633-4e8777c89be4/go.mod h1:flIaEI6LNU6xOCD5PaJvn9wGP0agmIOqjrtsKGRguv4=
golang.org/x/arch v0.0.0-20210502124803-cbf565b21d1e h1:pv3V0NlNSh5Q6AX/StwGLBjcLS7UN4m4Gq+V+uSecqM=
golang.org/x/arch v0.0.0-20210502124803-cbf565b21d1e/go.mod h1:5om86z9Hs0C8fWVUuoMHwpExlXzs5Tkyp9hOrfG7pp8=
golang.org/x/sys v0.0.0-20191026070338-33540a1f6037/go.mod h1:h1NjWce9XRLGQEsW7wpKNCjG9DtNlClVuFLEZdDNbEs=
golang.org/x/sys v0.0.0-20210514084401-e8d321eab015 h1:hZR0X1kPW+nwyJ9xRxqZk1vx5RUObAPBdKVvXPDUH/E=
golang.org/x/sys v0.0.0-20210514084401-e8d321eab015/go.mod h1:oPkhp1MJrh7nUepCBck5+mAzfO9JrbApNNgaTdGDITg=
rsc.io/pdf v0.1.1/go.mod h1:n8OzWcQ6Sp37PL01nO98y4iUCRdTGarVfzxY20ICaU4=
